{
  "name": "AsKing",
  "version": "1.0.0",
  "lockfileVersion": 2,
  "requires": true,
  "packages": {
    "": {
      "name": "AsKing",
      "version": "1.0.0",
      "dependencies": {
        "@hotwired/stimulus": "^3.2.1",
        "slim-select": "^2.3.3"
      }
    },
    "node_modules/@hotwired/stimulus": {
      "version": "3.2.1",
      "resolved": "https://registry.npmjs.org/@hotwired/stimulus/-/stimulus-3.2.1.tgz",
      "integrity": "sha512-HGlzDcf9vv/EQrMJ5ZG6VWNs8Z/xMN+1o2OhV1gKiSG6CqZt5MCBB1gRg5ILiN3U0jEAxuDTNPRfBcnZBDmupQ=="
    },
    "node_modules/slim-select": {
      "version": "2.3.3",
      "resolved": "https://registry.npmjs.org/slim-select/-/slim-select-2.3.3.tgz",
      "integrity": "sha512-BZNgU1DWDPtfSKKVfEdVMhLDCurzTTdX7n0AFuR/MNy2BzVYHN3WfkceAK1rttLqGgzFAHotq7Qm2JdrhOH5Ag=="
    }
  },
  "dependencies": {
    "@hotwired/stimulus": {
      "version": "3.2.1",
      "resolved": "https://registry.npmjs.org/@hotwired/stimulus/-/stimulus-3.2.1.tgz",
      "integrity": "sha512-HGlzDcf9vv/EQrMJ5ZG6VWNs8Z/xMN+1o2OhV1gKiSG6CqZt5MCBB1gRg5ILiN3U0jEAxuDTNPRfBcnZBDmupQ=="
    },
    "slim-select": {
      "version": "2.3.3",
      "resolved": "https://registry.npmjs.org/slim-select/-/slim-select-2.3.3.tgz",
      "integrity": "sha512-BZNgU1DWDPtfSKKVfEdVMhLDCurzTTdX7n0AFuR/MNy2BzVYHN3WfkceAK1rttLqGgzFAHotq7Qm2JdrhOH5Ag=="
    }
  }
}
